// !$*UTF8*$!
{
	archiveVersion = 1;
	classes = {
	};
	objectVersion = 46;
	objects = {

/* Begin PBXBuildFile section */
		6CE3155C1EFF6ACA0017E124 /* AppDelegate.swift in Sources */ = {isa = PBXBuildFile; fileRef = 6CE3155B1EFF6ACA0017E124 /* AppDelegate.swift */; };
		6CE3155E1EFF6ACA0017E124 /* RetroCalculatorVC.swift in Sources */ = {isa = PBXBuildFile; fileRef = 6CE3155D1EFF6ACA0017E124 /* RetroCalculatorVC.swift */; };
		6CE315611EFF6ACA0017E124 /* Main.storyboard in Resources */ = {isa = PBXBuildFile; fileRef = 6CE3155F1EFF6ACA0017E124 /* Main.storyboard */; };
		6CE315631EFF6ACA0017E124 /* Assets.xcassets in Resources */ = {isa = PBXBuildFile; fileRef = 6CE315621EFF6ACA0017E124 /* Assets.xcassets */; };
		6CE315661EFF6ACA0017E124 /* LaunchScreen.storyboard in Resources */ = {isa = PBXBuildFile; fileRef = 6CE315641EFF6ACA0017E124 /* LaunchScreen.storyboard */; };
		6CE315711EFF6ACB0017E124 /* RetroCalculatorTests.swift in Sources */ = {isa = PBXBuildFile; fileRef = 6CE315701EFF6ACB0017E124 /* RetroCalculatorTests.swift */; };
		6CE3157C1EFF6ACB0017E124 /* RetroCalculatorUITests.swift in Sources */ = {isa = PBXBuildFile; fileRef = 6CE3157B1EFF6ACB0017E124 /* RetroCalculatorUITests.swift */; };
		6CE3158A1EFF86530017E124 /* Minecraft.ttf in Resources */ = {isa = PBXBuildFile; fileRef = 6CE315891EFF86530017E124 /* Minecraft.ttf */; };
		6CE3158B1EFF86530017E124 /* Minecraft.ttf in Resources */ = {isa = PBXBuildFile; fileRef = 6CE315891EFF86530017E124 /* Minecraft.ttf */; };
		6CE3158C1EFF86530017E124 /* Minecraft.ttf in Resources */ = {isa = PBXBuildFile; fileRef = 6CE315891EFF86530017E124 /* Minecraft.ttf */; };
/* End PBXBuildFile section */

/* Begin PBXContainerItemProxy section */
		6CE3156D1EFF6ACA0017E124 /* PBXContainerItemProxy */ = {
			isa = PBXContainerItemProxy;
			containerPortal = 6CE315501EFF6ACA0017E124 /* Project object */;
			proxyType = 1;
			remoteGlobalIDString = 6CE315571EFF6ACA0017E124;
			remoteInfo = RetroCalculator;
		};
		6CE315781EFF6ACB0017E124 /* PBXContainerItemProxy */ = {
			isa = PBXContainerItemProxy;
			containerPortal = 6CE315501EFF6ACA0017E124 /* Project object */;
			proxyType = 1;
			remoteGlobalIDString = 6CE315571EFF6ACA0017E124;
			remoteInfo = RetroCalculator;
		};
/* End PBXContainerItemProxy section */

/* Begin PBXFileReference section */
		6CE315581EFF6ACA0017E124 /* RetroCalculator.app */ = {isa = PBXFileReference; explicitFileType = wrapper.application; includeInIndex = 0; path = RetroCalculator.app; sourceTree = BUILT_PRODUCTS_DIR; };
		6CE3155B1EFF6ACA0017E124 /* AppDelegate.swift */ = {isa = PBXFileReference; lastKnownFileType = sourcecode.swift; path = AppDelegate.swift; sourceTree = "<group>"; };
		6CE3155D1EFF6ACA0017E124 /* RetroCalculatorVC.swift */ = {isa = PBXFileReference; lastKnownFileType = sourcecode.swift; path = RetroCalculatorVC.swift; sourceTree = "<group>"; };
		6CE315601EFF6ACA0017E124 /* Base */ = {isa = PBXFileReference; lastKnownFileType = file.storyboard; name = Base; path = Base.lproj/Main.storyboard; sourceTree = "<group>"; };
		6CE315621EFF6ACA0017E124 /* Assets.xcassets */ = {isa = PBXFileReference; lastKnownFileType = folder.assetcatalog; path = Assets.xcassets; sourceTree = "<group>"; };
		6CE315651EFF6ACA0017E124 /* Base */ = {isa = PBXFileReference; lastKnownFileType = file.storyboard; name = Base; path = Base.lproj/LaunchScreen.storyboard; sourceTree = "<group>"; };
		6CE315671EFF6ACA0017E124 /* Info.plist */ = {isa = PBXFileReference; lastKnownFileType = text.plist.xml; path = Info.plist; sourceTree = "<group>"; };
		6CE3156C1EFF6ACA0017E124 /* RetroCalculatorTests.xctest */ = {isa = PBXFileReference; explicitFileType = wrapper.cfbundle; includeInIndex = 0; path = RetroCalculatorTests.xctest; sourceTree = BUILT_PRODUCTS_DIR; };
		6CE315701EFF6ACB0017E124 /* RetroCalculatorTests.swift */ = {isa = PBXFileReference; lastKnownFileType = sourcecode.swift; path = RetroCalculatorTests.swift; sourceTree = "<group>"; };
		6CE315721EFF6ACB0017E124 /* Info.plist */ = {isa = PBXFileReference; lastKnownFileType = text.plist.xml; path = Info.plist; sourceTree = "<group>"; };
		6CE315771EFF6ACB0017E124 /* RetroCalculatorUITests.xctest */ = {isa = PBXFileReference; explicitFileType = wrapper.cfbundle; includeInIndex = 0; path = RetroCalculatorUITests.xctest; sourceTree = BUILT_PRODUCTS_DIR; };
		6CE3157B1EFF6ACB0017E124 /* RetroCalculatorUITests.swift */ = {isa = PBXFileReference; lastKnownFileType = sourcecode.swift; path = RetroCalculatorUITests.swift; sourceTree = "<group>"; };
		6CE3157D1EFF6ACB0017E124 /* Info.plist */ = {isa = PBXFileReference; lastKnownFileType = text.plist.xml; path = Info.plist; sourceTree = "<group>"; };
		6CE315891EFF86530017E124 /* Minecraft.ttf */ = {isa = PBXFileReference; lastKnownFileType = file; path = Minecraft.ttf; sourceTree = "<group>"; };
/* End PBXFileReference section */

/* Begin PBXFrameworksBuildPhase section */
		6CE315551EFF6ACA0017E124 /* Frameworks */ = {
			isa = PBXFrameworksBuildPhase;
			buildActionMask = 2147483647;
			files = (
			);
			runOnlyForDeploymentPostprocessing = 0;
		};
		6CE315691EFF6ACA0017E124 /* Frameworks */ = {
			isa = PBXFrameworksBuildPhase;
			buildActionMask = 2147483647;
			files = (
			);
			runOnlyForDeploymentPostprocessing = 0;
		};
		6CE315741EFF6ACB0017E124 /* Frameworks */ = {
			isa = PBXFrameworksBuildPhase;
			buildActionMask = 2147483647;
			files = (
			);
			runOnlyForDeploymentPostprocessing = 0;
		};
/* End PBXFrameworksBuildPhase section */

/* Begin PBXGroup section */
		6CE3154F1EFF6ACA0017E124 = {
			isa = PBXGroup;
			children = (
				6CE3155A1EFF6ACA0017E124 /* RetroCalculator */,
				6CE3156F1EFF6ACB0017E124 /* RetroCalculatorTests */,
				6CE3157A1EFF6ACB0017E124 /* RetroCalculatorUITests */,
				6CE315591EFF6ACA0017E124 /* Products */,
			);
			sourceTree = "<group>";
		};
		6CE315591EFF6ACA0017E124 /* Products */ = {
			isa = PBXGroup;
			children = (
				6CE315581EFF6ACA0017E124 /* RetroCalculator.app */,
				6CE3156C1EFF6ACA0017E124 /* RetroCalculatorTests.xctest */,
				6CE315771EFF6ACB0017E124 /* RetroCalculatorUITests.xctest */,
			);
			name = Products;
			sourceTree = "<group>";
		};
		6CE3155A1EFF6ACA0017E124 /* RetroCalculator */ = {
			isa = PBXGroup;
			children = (
				6CE3158D1EFF87220017E124 /* fonts */,
				6CE3155B1EFF6ACA0017E124 /* AppDelegate.swift */,
				6CE3155D1EFF6ACA0017E124 /* RetroCalculatorVC.swift */,
				6CE3155F1EFF6ACA0017E124 /* Main.storyboard */,
				6CE315621EFF6ACA0017E124 /* Assets.xcassets */,
				6CE315641EFF6ACA0017E124 /* LaunchScreen.storyboard */,
				6CE315671EFF6ACA0017E124 /* Info.plist */,
			);
			path = RetroCalculator;
			sourceTree = "<group>";
		};
		6CE3156F1EFF6ACB0017E124 /* RetroCalculatorTests */ = {
			isa = PBXGroup;
			children = (
				6CE315701EFF6ACB0017E124 /* RetroCalculatorTests.swift */,
				6CE315721EFF6ACB0017E124 /* Info.plist */,
			);
			path = RetroCalculatorTests;
			sourceTree = "<group>";
		};
		6CE3157A1EFF6ACB0017E124 /* RetroCalculatorUITests */ = {
			isa = PBXGroup;
			children = (
				6CE3157B1EFF6ACB0017E124 /* RetroCalculatorUITests.swift */,
				6CE3157D1EFF6ACB0017E124 /* Info.plist */,
			);
			path = RetroCalculatorUITests;
			sourceTree = "<group>";
		};
		6CE3158D1EFF87220017E124 /* fonts */ = {
			isa = PBXGroup;
			children = (
				6CE315891EFF86530017E124 /* Minecraft.ttf */,
			);
			name = fonts;
			sourceTree = "<group>";
		};
/* End PBXGroup section */

/* Begin PBXNativeTarget section */
		6CE315571EFF6ACA0017E124 /* RetroCalculator */ = {
			isa = PBXNativeTarget;
			buildConfigurationList = 6CE315801EFF6ACB0017E124 /* Build configuration list for PBXNativeTarget "RetroCalculator" */;
			buildPhases = (
				6CE315541EFF6ACA0017E124 /* Sources */,
				6CE315551EFF6ACA0017E124 /* Frameworks */,
				6CE315561EFF6ACA0017E124 /* Resources */,
			);
			buildRules = (
			);
			dependencies = (
			);
			name = RetroCalculator;
			productName = RetroCalculator;
			productReference = 6CE315581EFF6ACA0017E124 /* RetroCalculator.app */;
			productType = "com.apple.product-type.application";
		};
		6CE3156B1EFF6ACA0017E124 /* RetroCalculatorTests */ = {
			isa = PBXNativeTarget;
			buildConfigurationList = 6CE315831EFF6ACB0017E124 /* Build configuration list for PBXNativeTarget "RetroCalculatorTests" */;
			buildPhases = (
				6CE315681EFF6ACA0017E124 /* Sources */,
				6CE315691EFF6ACA0017E124 /* Frameworks */,
				6CE3156A1EFF6ACA0017E124 /* Resources */,
			);
			buildRules = (
			);
			dependencies = (
				6CE3156E1EFF6ACA0017E124 /* PBXTargetDependency */,
			);
			name = RetroCalculatorTests;
			productName = RetroCalculatorTests;
			productReference = 6CE3156C1EFF6ACA0017E124 /* RetroCalculatorTests.xctest */;
			productType = "com.apple.product-type.bundle.unit-test";
		};
		6CE315761EFF6ACB0017E124 /* RetroCalculatorUITests */ = {
			isa = PBXNativeTarget;
			buildConfigurationList = 6CE315861EFF6ACB0017E124 /* Build configuration list for PBXNativeTarget "RetroCalculatorUITests" */;
			buildPhases = (
				6CE315731EFF6ACB0017E124 /* Sources */,
				6CE315741EFF6ACB0017E124 /* Frameworks */,
				6CE315751EFF6ACB0017E124 /* Resources */,
			);
			buildRules = (
			);
			dependencies = (
				6CE315791EFF6ACB0017E124 /* PBXTargetDependency */,
			);
			name = RetroCalculatorUITests;
			productName = RetroCalculatorUITests;
			productReference = 6CE315771EFF6ACB0017E124 /* RetroCalculatorUITests.xctest */;
			productType = "com.apple.product-type.bundle.ui-testing";
		};
/* End PBXNativeTarget section */

/* Begin PBXProject section */
		6CE315501EFF6ACA0017E124 /* Project object */ = {
			isa = PBXProject;
			attributes = {
				LastSwiftUpdateCheck = 0830;
				LastUpgradeCheck = 0830;
				ORGANIZATIONNAME = "Carlos Perez";
				TargetAttributes = {
					6CE315571EFF6ACA0017E124 = {
						CreatedOnToolsVersion = 8.3.3;
						ProvisioningStyle = Automatic;
					};
					6CE3156B1EFF6ACA0017E124 = {
						CreatedOnToolsVersion = 8.3.3;
						ProvisioningStyle = Automatic;
						TestTargetID = 6CE315571EFF6ACA0017E124;
					};
					6CE315761EFF6ACB0017E124 = {
						CreatedOnToolsVersion = 8.3.3;
						ProvisioningStyle = Automatic;
						TestTargetID = 6CE315571EFF6ACA0017E124;
					};
				};
			};
			buildConfigurationList = 6CE315531EFF6ACA0017E124 /* Build configuration list for PBXProject "RetroCalculator" */;
			compatibilityVersion = "Xcode 3.2";
			developmentRegion = English;
			hasScannedForEncodings = 0;
			knownRegions = (
				en,
				Base,
			);
			mainGroup = 6CE3154F1EFF6ACA0017E124;
			productRefGroup = 6CE315591EFF6ACA0017E124 /* Products */;
			projectDirPath = "";
			projectRoot = "";
			targets = (
				6CE315571EFF6ACA0017E124 /* RetroCalculator */,
				6CE3156B1EFF6ACA0017E124 /* RetroCalculatorTests */,
				6CE315761EFF6ACB0017E124 /* RetroCalculatorUITests */,
			);
		};
/* End PBXProject section */

/* Begin PBXResourcesBuildPhase section */
		6CE315561EFF6ACA0017E124 /* Resources */ = {
			isa = PBXResourcesBuildPhase;
			buildActionMask = 2147483647;
			files = (
				6CE315661EFF6ACA0017E124 /* LaunchScreen.storyboard in Resources */,
				6CE315631EFF6ACA0017E124 /* Assets.xcassets in Resources */,
				6CE3158A1EFF86530017E124 /* Minecraft.ttf in Resources */,
				6CE315611EFF6ACA0017E124 /* Main.storyboard in Resources */,
			);
			runOnlyForDeploymentPostprocessing = 0;
		};
		6CE3156A1EFF6ACA0017E124 /* Resources */ = {
			isa = PBXResourcesBuildPhase;
			buildActionMask = 2147483647;
			files = (
				6CE3158B1EFF86530017E124 /* Minecraft.ttf in Resources */,
			);
			runOnlyForDeploymentPostprocessing = 0;
		};
		6CE315751EFF6ACB0017E124 /* Resources */ = {
			isa = PBXResourcesBuildPhase;
			buildActionMask = 2147483647;
			files = (
				6CE3158C1EFF86530017E124 /* Minecraft.ttf in Resources */,
			);
			runOnlyForDeploymentPostprocessing = 0;
		};
/* End PBXResourcesBuildPhase section */

/* Begin PBXSourcesBuildPhase section */
		6CE315541EFF6ACA0017E124 /* Sources */ = {
			isa = PBXSourcesBuildPhase;
			buildActionMask = 2147483647;
			files = (
				6CE3155E1EFF6ACA0017E124 /* RetroCalculatorVC.swift in Sources */,
				6CE3155C1EFF6ACA0017E124 /* AppDelegate.swift in Sources */,
			);
			runOnlyForDeploymentPostprocessing = 0;
		};
		6CE315681EFF6ACA0017E124 /* Sources */ = {
			isa = PBXSourcesBuildPhase;
			buildActionMask = 2147483647;
			files = (
				6CE315711EFF6ACB0017E124 /* RetroCalculatorTests.swift in Sources */,
			);
			runOnlyForDeploymentPostprocessing = 0;
		};
		6CE315731EFF6ACB0017E124 /* Sources */ = {
			isa = PBXSourcesBuildPhase;
			buildActionMask = 2147483647;
			files = (
				6CE3157C1EFF6ACB0017E124 /* RetroCalculatorUITests.swift in Sources */,
			);
			runOnlyForDeploymentPostprocessing = 0;
		};
/* End PBXSourcesBuildPhase section */

/* Begin PBXTargetDependency section */
		6CE3156E1EFF6ACA0017E124 /* PBXTargetDependency */ = {
			isa = PBXTargetDependency;
			target = 6CE315571EFF6ACA0017E124 /* RetroCalculator */;
			targetProxy = 6CE3156D1EFF6ACA0017E124 /* PBXContainerItemProxy */;
		};
		6CE315791EFF6ACB0017E124 /* PBXTargetDependency */ = {
			isa = PBXTargetDependency;
			target = 6CE315571EFF6ACA0017E124 /* RetroCalculator */;
			targetProxy = 6CE315781EFF6ACB0017E124 /* PBXContainerItemProxy */;
		};
/* End PBXTargetDependency section */

/* Begin PBXVariantGroup section */
		6CE3155F1EFF6ACA0017E124 /* Main.storyboard */ = {
			isa = PBXVariantGroup;
			children = (
				6CE315601EFF6ACA0017E124 /* Base */,
			);
			name = Main.storyboard;
			sourceTree = "<group>";
		};
		6CE315641EFF6ACA0017E124 /* LaunchScreen.storyboard */ = {
			isa = PBXVariantGroup;
			children = (
				6CE315651EFF6ACA0017E124 /* Base */,
			);
			name = LaunchScreen.storyboard;
			sourceTree = "<group>";
		};
/* End PBXVariantGroup section */

/* Begin XCBuildConfiguration section */
		6CE3157E1EFF6ACB0017E124 /* Debug */ = {
			isa = XCBuildConfiguration;
			buildSettings = {
				ALWAYS_SEARCH_USER_PATHS = NO;
				CLANG_ANALYZER_NONNULL = YES;
				CLANG_ANALYZER_NUMBER_OBJECT_CONVERSION = YES_AGGRESSIVE;
				CLANG_CXX_LANGUAGE_STANDARD = "gnu++0x";
				CLANG_CXX_LIBRARY = "libc++";
				CLANG_ENABLE_MODULES = YES;
				CLANG_ENABLE_OBJC_ARC = YES;
				CLANG_WARN_BOOL_CONVERSION = YES;
				CLANG_WARN_CONSTANT_CONVERSION = YES;
				CLANG_WARN_DIRECT_OBJC_ISA_USAGE = YES_ERROR;
				CLANG_WARN_DOCUMENTATION_COMMENTS = YES;
				CLANG_WARN_EMPTY_BODY = YES;
				CLANG_WARN_ENUM_CONVERSION = YES;
				CLANG_WARN_INFINITE_RECURSION = YES;
				CLANG_WARN_INT_CONVERSION = YES;
				CLANG_WARN_OBJC_ROOT_CLASS = YES_ERROR;
				CLANG_WARN_SUSPICIOUS_MOVE = YES;
				CLANG_WARN_UNREACHABLE_CODE = YES;
				CLANG_WARN__DUPLICATE_METHOD_MATCH = YES;
				"CODE_SIGN_IDENTITY[sdk=iphoneos*]" = "iPhone Developer";
				COPY_PHASE_STRIP = NO;
				DEBUG_INFORMATION_FORMAT = dwarf;
				ENABLE_STRICT_OBJC_MSGSEND = YES;
				ENABLE_TESTABILITY = YES;
				GCC_C_LANGUAGE_STANDARD = gnu99;
				GCC_DYNAMIC_NO_PIC = NO;
				GCC_NO_COMMON_BLOCKS = YES;
				GCC_OPTIMIZATION_LEVEL = 0;
				GCC_PREPROCESSOR_DEFINITIONS = (
					"DEBUG=1",
					"$(inherited)",
				);
				GCC_WARN_64_TO_32_BIT_CONVERSION = YES;
				GCC_WARN_ABOUT_RETURN_TYPE = YES_ERROR;
				GCC_WARN_UNDECLARED_SELECTOR = YES;
				GCC_WARN_UNINITIALIZED_AUTOS = YES_AGGRESSIVE;
				GCC_WARN_UNUSED_FUNCTION = YES;
				GCC_WARN_UNUSED_VARIABLE = YES;
				IPHONEOS_DEPLOYMENT_TARGET = 10.3;
				MTL_ENABLE_DEBUG_INFO = YES;
				ONLY_ACTIVE_ARCH = YES;
				SDKROOT = iphoneos;
				SWIFT_ACTIVE_COMPILATION_CONDITIONS = DEBUG;
				SWIFT_OPTIMIZATION_LEVEL = "-Onone";
				TARGETED_DEVICE_FAMILY = "1,2";
			};
			name = Debug;
		};
		6CE3157F1EFF6ACB0017E124 /* Release */ = {
			isa = XCBuildConfiguration;
			buildSettings = {
				ALWAYS_SEARCH_USER_PATHS = NO;
				CLANG_ANALYZER_NONNULL = YES;
				CLANG_ANALYZER_NUMBER_OBJECT_CONVERSION = YES_AGGRESSIVE;
				CLANG_CXX_LANGUAGE_STANDARD = "gnu++0x";
				CLANG_CXX_LIBRARY = "libc++";
				CLANG_ENABLE_MODULES = YES;
				CLANG_ENABLE_OBJC_ARC = YES;
				CLANG_WARN_BOOL_CONVERSION = YES;
				CLANG_WARN_CONSTANT_CONVERSION = YES;
				CLANG_WARN_DIRECT_OBJC_ISA_USAGE = YES_ERROR;
				CLANG_WARN_DOCUMENTATION_COMMENTS = YES;
				CLANG_WARN_EMPTY_BODY = YES;
				CLANG_WARN_ENUM_CONVERSION = YES;
				CLANG_WARN_INFINITE_RECURSION = YES;
				CLANG_WARN_INT_CONVERSION = YES;
				CLANG_WARN_OBJC_ROOT_CLASS = YES_ERROR;
				CLANG_WARN_SUSPICIOUS_MOVE = YES;
				CLANG_WARN_UNREACHABLE_CODE = YES;
				CLANG_WARN__DUPLICATE_METHOD_MATCH = YES;
				"CODE_SIGN_IDENTITY[sdk=iphoneos*]" = "iPhone Developer";
				COPY_PHASE_STRIP = NO;
				DEBUG_INFORMATION_FORMAT = "dwarf-with-dsym";
				ENABLE_NS_ASSERTIONS = NO;
				ENABLE_STRICT_OBJC_MSGSEND = YES;
				GCC_C_LANGUAGE_STANDARD = gnu99;
				GCC_NO_COMMON_BLOCKS = YES;
				GCC_WARN_64_TO_32_BIT_CONVERSION = YES;
				GCC_WARN_ABOUT_RETURN_TYPE = YES_ERROR;
				GCC_WARN_UNDECLARED_SELECTOR = YES;
				GCC_WARN_UNINITIALIZED_AUTOS = YES_AGGRESSIVE;
				GCC_WARN_UNUSED_FUNCTION = YES;
				GCC_WARN_UNUSED_VARIABLE = YES;
				IPHONEOS_DEPLOYMENT_TARGET = 10.3;
				MTL_ENABLE_DEBUG_INFO = NO;
				SDKROOT = iphoneos;
				SWIFT_OPTIMIZATION_LEVEL = "-Owholemodule";
				TARGETED_DEVICE_FAMILY = "1,2";
				VALIDATE_PRODUCT = YES;
			};
			name = Release;
		};
		6CE315811EFF6ACB0017E124 /* Debug */ = {
			isa = XCBuildConfiguration;
			buildSettings = {
				ASSETCATALOG_COMPILER_APPICON_NAME = AppIcon;
				INFOPLIST_FILE = RetroCalculator/Info.plist;
				LD_RUNPATH_SEARCH_PATHS = "$(inherited) @executable_path/Frameworks";
				PRODUCT_BUNDLE_IDENTIFIER = io.bluephoenix.RetroCalculator;
				PRODUCT_NAME = "$(TARGET_NAME)";
				SWIFT_VERSION = 3.0;
			};
			name = Debug;
		};
		6CE315821EFF6ACB0017E124 /* Release */ = {
			isa = XCBuildConfiguration;
			buildSettings = {
				ASSETCATALOG_COMPILER_APPICON_NAME = AppIcon;
				INFOPLIST_FILE = RetroCalculator/Info.plist;
				LD_RUNPATH_SEARCH_PATHS = "$(inherited) @executable_path/Frameworks";
				PRODUCT_BUNDLE_IDENTIFIER = io.bluephoenix.RetroCalculator;
				PRODUCT_NAME = "$(TARGET_NAME)";
				SWIFT_VERSION = 3.0;
			};
			name = Release;
		};
		6CE315841EFF6ACB0017E124 /* Debug */ = {
			isa = XCBuildConfiguration;
			buildSettings = {
				ALWAYS_EMBED_SWIFT_STANDARD_LIBRARIES = YES;
				BUNDLE_LOADER = "$(TEST_HOST)";
				INFOPLIST_FILE = RetroCalculatorTests/Info.plist;
				LD_RUNPATH_SEARCH_PATHS = "$(inherited) @executable_path/Frameworks @loader_path/Frameworks";
				PRODUCT_BUNDLE_IDENTIFIER = io.bluephoenix.RetroCalculatorTests;
				PRODUCT_NAME = "$(TARGET_NAME)";
				SWIFT_VERSION = 3.0;
				TEST_HOST = "$(BUILT_PRODUCTS_DIR)/RetroCalculator.app/RetroCalculator";
			};
			name = Debug;
		};
		6CE315851EFF6ACB0017E124 /* Release */ = {
			isa = XCBuildConfiguration;
			buildSettings = {
				ALWAYS_EMBED_SWIFT_STANDARD_LIBRARIES = YES;
				BUNDLE_LOADER = "$(TEST_HOST)";
				INFOPLIST_FILE = RetroCalculatorTests/Info.plist;
				LD_RUNPATH_SEARCH_PATHS = "$(inherited) @executable_path/Frameworks @loader_path/Frameworks";
				PRODUCT_BUNDLE_IDENTIFIER = io.bluephoenix.RetroCalculatorTests;
				PRODUCT_NAME = "$(TARGET_NAME)";
				SWIFT_VERSION = 3.0;
				TEST_HOST = "$(BUILT_PRODUCTS_DIR)/RetroCalculator.app/RetroCalculator";
			};
			name = Release;
		};
		6CE315871EFF6ACB0017E124 /* Debug */ = {
			isa = XCBuildConfiguration;
			buildSettings = {
				ALWAYS_EMBED_SWIFT_STANDARD_LIBRARIES = YES;
				INFOPLIST_FILE = RetroCalculatorUITests/Info.plist;
				LD_RUNPATH_SEARCH_PATHS = "$(inherited) @executable_path/Frameworks @loader_path/Frameworks";
				PRODUCT_BUNDLE_IDENTIFIER = io.bluephoenix.RetroCalculatorUITests;
				PRODUCT_NAME = "$(TARGET_NAME)";
				SWIFT_VERSION = 3.0;
				TEST_TARGET_NAME = RetroCalculator;
			};
			name = Debug;
		};
		6CE315881EFF6ACB0017E124 /* Release */ = {
			isa = XCBuildConfiguration;
			buildSettings = {
				ALWAYS_EMBED_SWIFT_STANDARD_LIBRARIES = YES;
				INFOPLIST_FILE = RetroCalculatorUITests/Info.plist;
				LD_RUNPATH_SEARCH_PATHS = "$(inherited) @executable_path/Frameworks @loader_path/Frameworks";
				PRODUCT_BUNDLE_IDENTIFIER = io.bluephoenix.RetroCalculatorUITests;
				PRODUCT_NAME = "$(TARGET_NAME)";
				SWIFT_VERSION = 3.0;
				TEST_TARGET_NAME = RetroCalculator;
			};
			name = Release;
		};
/* End XCBuildConfiguration section */

/* Begin XCConfigurationList section */
		6CE315531EFF6ACA0017E124 /* Build configuration list for PBXProject "RetroCalculator" */ = {
			isa = XCConfigurationList;
			buildConfigurations = (
				6CE3157E1EFF6ACB0017E124 /* Debug */,
				6CE3157F1EFF6ACB0017E124 /* Release */,
			);
			defaultConfigurationIsVisible = 0;
			defaultConfigurationName = Release;
		};
		6CE315801EFF6ACB0017E124 /* Build configuration list for PBXNativeTarget "RetroCalculator" */ = {
			isa = XCConfigurationList;
			buildConfigurations = (
				6CE315811EFF6ACB0017E124 /* Debug */,
				6CE315821EFF6ACB0017E124 /* Release */,
			);
			defaultConfigurationIsVisible = 0;
		};
		6CE315831EFF6ACB0017E124 /* Build configuration list for PBXNativeTarget "RetroCalculatorTests" */ = {
			isa = XCConfigurationList;
			buildConfigurations = (
				6CE315841EFF6ACB0017E124 /* Debug */,
				6CE315851EFF6ACB0017E124 /* Release */,
			);
			defaultConfigurationIsVisible = 0;
		};
		6CE315861EFF6ACB0017E124 /* Build configuration list for PBXNativeTarget "RetroCalculatorUITests" */ = {
			isa = XCConfigurationList;
			buildConfigurations = (
				6CE315871EFF6ACB0017E124 /* Debug */,
				6CE315881EFF6ACB0017E124 /* Release */,
			);
			defaultConfigurationIsVisible = 0;
		};
/* End XCConfigurationList section */
	};
	rootObject = 6CE315501EFF6ACA0017E124 /* Project object */;
}
